
Microsoft Visual Studio Solution File, Format Version 12.00
# Visual Studio Version 16
VisualStudioVersion = 16.0.30002.166
MinimumVisualStudioVersion = 10.0.40219.1
Project("{9A19103F-16F7-4668-BE54-9A1E7A4F7556}") = "MVC_BuildingBlocks", "exploringcali\MVC_BuildingBlocks.csproj", "{EEAB217C-2C4D-4802-8093-A89B48DED02A}"
EndProject
Global
	GlobalSection(SolutionConfigurationPlatforms) = preSolution
		Debug|Any CPU = Debug|Any CPU
		Release|Any CPU = Release|Any CPU
	EndGlobalSection
	GlobalSection(ProjectConfigurationPlatforms) = postSolution
		{EEAB217C-2C4D-4802-8093-A89B48DED02A}.Debug|Any CPU.ActiveCfg = Debug|Any CPU
		{EEAB217C-2C4D-4802-8093-A89B48DED02A}.Debug|Any CPU.Build.0 = Debug|Any CPU
		{EEAB217C-2C4D-4802-8093-A89B48DED02A}.Release|Any CPU.ActiveCfg = Release|Any CPU
		{EEAB217C-2C4D-4802-8093-A89B48DED02A}.Release|Any CPU.Build.0 = Release|Any CPU
	EndGlobalSection
	GlobalSection(SolutionProperties) = preSolution
		HideSolutionNode = FALSE
	EndGlobalSection
	GlobalSection(ExtensibilityGlobals) = postSolution
		SolutionGuid = {B1E588FB-BE04-4AB2-B887-C31446244FC3}
	EndGlobalSection
EndGlobal
